// !$*UTF8*$!
{
	archiveVersion = 1;
	classes = {
	};
	objectVersion = 50;
	objects = {

/* Begin PBXBuildFile section */
		FA729420263D9D0300D7A338 /* AppDelegate.swift in Sources */ = {isa = PBXBuildFile; fileRef = FA72941F263D9D0300D7A338 /* AppDelegate.swift */; };
		FA729422263D9D0300D7A338 /* SceneDelegate.swift in Sources */ = {isa = PBXBuildFile; fileRef = FA729421263D9D0300D7A338 /* SceneDelegate.swift */; };
		FA729424263D9D0300D7A338 /* ViewController.swift in Sources */ = {isa = PBXBuildFile; fileRef = FA729423263D9D0300D7A338 /* ViewController.swift */; };
		FA729427263D9D0300D7A338 /* Main.storyboard in Resources */ = {isa = PBXBuildFile; fileRef = FA729425263D9D0300D7A338 /* Main.storyboard */; };
		FA729429263D9D0400D7A338 /* Assets.xcassets in Resources */ = {isa = PBXBuildFile; fileRef = FA729428263D9D0400D7A338 /* Assets.xcassets */; };
		FA72942C263D9D0400D7A338 /* LaunchScreen.storyboard in Resources */ = {isa = PBXBuildFile; fileRef = FA72942A263D9D0400D7A338 /* LaunchScreen.storyboard */; };
		FAF87F23263DB80E00439871 /* nextViewController.swift in Sources */ = {isa = PBXBuildFile; fileRef = FAF87F22263DB80E00439871 /* nextViewController.swift */; };
/* End PBXBuildFile section */

/* Begin PBXFileReference section */
		FA72941C263D9D0300D7A338 /* loginUsingJsonValidation.app */ = {isa = PBXFileReference; explicitFileType = wrapper.application; includeInIndex = 0; path = loginUsingJsonValidation.app; sourceTree = BUILT_PRODUCTS_DIR; };
		FA72941F263D9D0300D7A338 /* AppDelegate.swift */ = {isa = PBXFileReference; lastKnownFileType = sourcecode.swift; path = AppDelegate.swift; sourceTree = "<group>"; };
		FA729421263D9D0300D7A338 /* SceneDelegate.swift */ = {isa = PBXFileReference; lastKnownFileType = sourcecode.swift; path = SceneDelegate.swift; sourceTree = "<group>"; };
		FA729423263D9D0300D7A338 /* ViewController.swift */ = {isa = PBXFileReference; lastKnownFileType = sourcecode.swift; path = ViewController.swift; sourceTree = "<group>"; };
		FA729426263D9D0300D7A338 /* Base */ = {isa = PBXFileReference; lastKnownFileType = file.storyboard; name = Base; path = Base.lproj/Main.storyboard; sourceTree = "<group>"; };
		FA729428263D9D0400D7A338 /* Assets.xcassets */ = {isa = PBXFileReference; lastKnownFileType = folder.assetcatalog; path = Assets.xcassets; sourceTree = "<group>"; };
		FA72942B263D9D0400D7A338 /* Base */ = {isa = PBXFileReference; lastKnownFileType = file.storyboard; name = Base; path = Base.lproj/LaunchScreen.storyboard; sourceTree = "<group>"; };
		FA72942D263D9D0400D7A338 /* Info.plist */ = {isa = PBXFileReference; lastKnownFileType = text.plist.xml; path = Info.plist; sourceTree = "<group>"; };
		FAF87F22263DB80E00439871 /* nextViewController.swift */ = {isa = PBXFileReference; lastKnownFileType = sourcecode.swift; path = nextViewController.swift; sourceTree = "<group>"; };
/* End PBXFileReference section */

/* Begin PBXFrameworksBuildPhase section */
		FA729419263D9D0300D7A338 /* Frameworks */ = {
			isa = PBXFrameworksBuildPhase;
			buildActionMask = 2147483647;
			files = (
			);
			runOnlyForDeploymentPostprocessing = 0;
		};
/* End PBXFrameworksBuildPhase section */

/* Begin PBXGroup section */
		FA729413263D9D0300D7A338 = {
			isa = PBXGroup;
			children = (
				FA72941E263D9D0300D7A338 /* loginUsingJsonValidation */,
				FA72941D263D9D0300D7A338 /* Products */,
			);
			sourceTree = "<group>";
		};
		FA72941D263D9D0300D7A338 /* Products */ = {
			isa = PBXGroup;
			children = (
				FA72941C263D9D0300D7A338 /* loginUsingJsonValidation.app */,
			);
			name = Products;
			sourceTree = "<group>";
		};
		FA72941E263D9D0300D7A338 /* loginUsingJsonValidation */ = {
			isa = PBXGroup;
			children = (
				FA72941F263D9D0300D7A338 /* AppDelegate.swift */,
				FA729421263D9D0300D7A338 /* SceneDelegate.swift */,
				FA729423263D9D0300D7A338 /* ViewController.swift */,
				FAF87F22263DB80E00439871 /* nextViewController.swift */,
				FA729425263D9D0300D7A338 /* Main.storyboard */,
				FA729428263D9D0400D7A338 /* Assets.xcassets */,
				FA72942A263D9D0400D7A338 /* LaunchScreen.storyboard */,
				FA72942D263D9D0400D7A338 /* Info.plist */,
			);
			path = loginUsingJsonValidation;
			sourceTree = "<group>";
		};
/* End PBXGroup section */

/* Begin PBXNativeTarget section */
		FA72941B263D9D0300D7A338 /* loginUsingJsonValidation */ = {
			isa = PBXNativeTarget;
			buildConfigurationList = FA729430263D9D0400D7A338 /* Build configuration list for PBXNativeTarget "loginUsingJsonValidation" */;
			buildPhases = (
				FA729418263D9D0300D7A338 /* Sources */,
				FA729419263D9D0300D7A338 /* Frameworks */,
				FA72941A263D9D0300D7A338 /* Resources */,
			);
			buildRules = (
			);
			dependencies = (
			);
			name = loginUsingJsonValidation;
			productName = loginUsingJsonValidation;
			productReference = FA72941C263D9D0300D7A338 /* loginUsingJsonValidation.app */;
			productType = "com.apple.product-type.application";
		};
/* End PBXNativeTarget section */

/* Begin PBXProject section */
		FA729414263D9D0300D7A338 /* Project object */ = {
			isa = PBXProject;
			attributes = {
				LastSwiftUpdateCheck = 1240;
				LastUpgradeCheck = 1240;
				TargetAttributes = {
					FA72941B263D9D0300D7A338 = {
						CreatedOnToolsVersion = 12.4;
					};
				};
			};
			buildConfigurationList = FA729417263D9D0300D7A338 /* Build configuration list for PBXProject "loginUsingJsonValidation" */;
			compatibilityVersion = "Xcode 9.3";
			developmentRegion = en;
			hasScannedForEncodings = 0;
			knownRegions = (
				en,
				Base,
			);
			mainGroup = FA729413263D9D0300D7A338;
			productRefGroup = FA72941D263D9D0300D7A338 /* Products */;
			projectDirPath = "";
			projectRoot = "";
			targets = (
				FA72941B263D9D0300D7A338 /* loginUsingJsonValidation */,
			);
		};
/* End PBXProject section */

/* Begin PBXResourcesBuildPhase section */
		FA72941A263D9D0300D7A338 /* Resources */ = {
			isa = PBXResourcesBuildPhase;
			buildActionMask = 2147483647;
			files = (
				FA72942C263D9D0400D7A338 /* LaunchScreen.storyboard in Resources */,
				FA729429263D9D0400D7A338 /* Assets.xcassets in Resources */,
				FA729427263D9D0300D7A338 /* Main.storyboard in Resources */,
			);
			runOnlyForDeploymentPostprocessing = 0;
		};
/* End PBXResourcesBuildPhase section */

/* Begin PBXSourcesBuildPhase section */
		FA729418263D9D0300D7A338 /* Sources */ = {
			isa = PBXSourcesBuildPhase;
			buildActionMask = 2147483647;
			files = (
				FA729424263D9D0300D7A338 /* ViewController.swift in Sources */,
				FAF87F23263DB80E00439871 /* nextViewController.swift in Sources */,
				FA729420263D9D0300D7A338 /* AppDelegate.swift in Sources */,
				FA729422263D9D0300D7A338 /* SceneDelegate.swift in Sources */,
			);
			runOnlyForDeploymentPostprocessing = 0;
		};
/* End PBXSourcesBuildPhase section */

/* Begin PBXVariantGroup section */
		FA729425263D9D0300D7A338 /* Main.storyboard */ = {
			isa = PBXVariantGroup;
			children = (
				FA729426263D9D0300D7A338 /* Base */,
			);
			name = Main.storyboard;
			sourceTree = "<group>";
		};
		FA72942A263D9D0400D7A338 /* LaunchScreen.storyboard */ = {
			isa = PBXVariantGroup;
			children = (
				FA72942B263D9D0400D7A338 /* Base */,
			);
			name = LaunchScreen.storyboard;
			sourceTree = "<group>";
		};
/* End PBXVariantGroup section */

/* Begin XCBuildConfiguration section */
		FA72942E263D9D0400D7A338 /* Debug */ = {
			isa = XCBuildConfiguration;
			buildSettings = {
				ALWAYS_SEARCH_USER_PATHS = NO;
				CLANG_ANALYZER_NONNULL = YES;
				CLANG_ANALYZER_NUMBER_OBJECT_CONVERSION = YES_AGGRESSIVE;
				CLANG_CXX_LANGUAGE_STANDARD = "gnu++14";
				CLANG_CXX_LIBRARY = "libc++";
				CLANG_ENABLE_MODULES = YES;
				CLANG_ENABLE_OBJC_ARC = YES;
				CLANG_ENABLE_OBJC_WEAK = YES;
				CLANG_WARN_BLOCK_CAPTURE_AUTORELEASING = YES;
				CLANG_WARN_BOOL_CONVERSION = YES;
				CLANG_WARN_COMMA = YES;
				CLANG_WARN_CONSTANT_CONVERSION = YES;
				CLANG_WARN_DEPRECATED_OBJC_IMPLEMENTATIONS = YES;
				CLANG_WARN_DIRECT_OBJC_ISA_USAGE = YES_ERROR;
				CLANG_WARN_DOCUMENTATION_COMMENTS = YES;
				CLANG_WARN_EMPTY_BODY = YES;
				CLANG_WARN_ENUM_CONVERSION = YES;
				CLANG_WARN_INFINITE_RECURSION = YES;
				CLANG_WARN_INT_CONVERSION = YES;
				CLANG_WARN_NON_LITERAL_NULL_CONVERSION = YES;
				CLANG_WARN_OBJC_IMPLICIT_RETAIN_SELF = YES;
				CLANG_WARN_OBJC_LITERAL_CONVERSION = YES;
				CLANG_WARN_OBJC_ROOT_CLASS = YES_ERROR;
				CLANG_WARN_QUOTED_INCLUDE_IN_FRAMEWORK_HEADER = YES;
				CLANG_WARN_RANGE_LOOP_ANALYSIS = YES;
				CLANG_WARN_STRICT_PROTOTYPES = YES;
				CLANG_WARN_SUSPICIOUS_MOVE = YES;
				CLANG_WARN_UNGUARDED_AVAILABILITY = YES_AGGRESSIVE;
				CLANG_WARN_UNREACHABLE_CODE = YES;
				CLANG_WARN__DUPLICATE_METHOD_MATCH = YES;
				COPY_PHASE_STRIP = NO;
				DEBUG_INFORMATION_FORMAT = dwarf;
				ENABLE_STRICT_OBJC_MSGSEND = YES;
				ENABLE_TESTABILITY = YES;
				GCC_C_LANGUAGE_STANDARD = gnu11;
				GCC_DYNAMIC_NO_PIC = NO;
				GCC_NO_COMMON_BLOCKS = YES;
				GCC_OPTIMIZATION_LEVEL = 0;
				GCC_PREPROCESSOR_DEFINITIONS = (
					"DEBUG=1",
					"$(inherited)",
				);
				GCC_WARN_64_TO_32_BIT_CONVERSION = YES;
				GCC_WARN_ABOUT_RETURN_TYPE = YES_ERROR;
				GCC_WARN_UNDECLARED_SELECTOR = YES;
				GCC_WARN_UNINITIALIZED_AUTOS = YES_AGGRESSIVE;
				GCC_WARN_UNUSED_FUNCTION = YES;
				GCC_WARN_UNUSED_VARIABLE = YES;
				IPHONEOS_DEPLOYMENT_TARGET = 13.0;
				MTL_ENABLE_DEBUG_INFO = INCLUDE_SOURCE;
				MTL_FAST_MATH = YES;
				ONLY_ACTIVE_ARCH = YES;
				SDKROOT = iphoneos;
				SWIFT_ACTIVE_COMPILATION_CONDITIONS = DEBUG;
				SWIFT_OPTIMIZATION_LEVEL = "-Onone";
			};
			name = Debug;
		};
		FA72942F263D9D0400D7A338 /* Release */ = {
			isa = XCBuildConfiguration;
			buildSettings = {
				ALWAYS_SEARCH_USER_PATHS = NO;
				CLANG_ANALYZER_NONNULL = YES;
				CLANG_ANALYZER_NUMBER_OBJECT_CONVERSION = YES_AGGRESSIVE;
				CLANG_CXX_LANGUAGE_STANDARD = "gnu++14";
				CLANG_CXX_LIBRARY = "libc++";
				CLANG_ENABLE_MODULES = YES;
				CLANG_ENABLE_OBJC_ARC = YES;
				CLANG_ENABLE_OBJC_WEAK = YES;
				CLANG_WARN_BLOCK_CAPTURE_AUTORELEASING = YES;
				CLANG_WARN_BOOL_CONVERSION = YES;
				CLANG_WARN_COMMA = YES;
				CLANG_WARN_CONSTANT_CONVERSION = YES;
				CLANG_WARN_DEPRECATED_OBJC_IMPLEMENTATIONS = YES;
				CLANG_WARN_DIRECT_OBJC_ISA_USAGE = YES_ERROR;
				CLANG_WARN_DOCUMENTATION_COMMENTS = YES;
				CLANG_WARN_EMPTY_BODY = YES;
				CLANG_WARN_ENUM_CONVERSION = YES;
				CLANG_WARN_INFINITE_RECURSION = YES;
				CLANG_WARN_INT_CONVERSION = YES;
				CLANG_WARN_NON_LITERAL_NULL_CONVERSION = YES;
				CLANG_WARN_OBJC_IMPLICIT_RETAIN_SELF = YES;
				CLANG_WARN_OBJC_LITERAL_CONVERSION = YES;
				CLANG_WARN_OBJC_ROOT_CLASS = YES_ERROR;
				CLANG_WARN_QUOTED_INCLUDE_IN_FRAMEWORK_HEADER = YES;
				CLANG_WARN_RANGE_LOOP_ANALYSIS = YES;
				CLANG_WARN_STRICT_PROTOTYPES = YES;
				CLANG_WARN_SUSPICIOUS_MOVE = YES;
				CLANG_WARN_UNGUARDED_AVAILABILITY = YES_AGGRESSIVE;
				CLANG_WARN_UNREACHABLE_CODE = YES;
				CLANG_WARN__DUPLICATE_METHOD_MATCH = YES;
				COPY_PHASE_STRIP = NO;
				DEBUG_INFORMATION_FORMAT = "dwarf-with-dsym";
				ENABLE_NS_ASSERTIONS = NO;
				ENABLE_STRICT_OBJC_MSGSEND = YES;
				GCC_C_LANGUAGE_STANDARD = gnu11;
				GCC_NO_COMMON_BLOCKS = YES;
				GCC_WARN_64_TO_32_BIT_CONVERSION = YES;
				GCC_WARN_ABOUT_RETURN_TYPE = YES_ERROR;
				GCC_WARN_UNDECLARED_SELECTOR = YES;
				GCC_WARN_UNINITIALIZED_AUTOS = YES_AGGRESSIVE;
				GCC_WARN_UNUSED_FUNCTION = YES;
				GCC_WARN_UNUSED_VARIABLE = YES;
				IPHONEOS_DEPLOYMENT_TARGET = 13.0;
				MTL_ENABLE_DEBUG_INFO = NO;
				MTL_FAST_MATH = YES;
				SDKROOT = iphoneos;
				SWIFT_COMPILATION_MODE = wholemodule;
				SWIFT_OPTIMIZATION_LEVEL = "-O";
				VALIDATE_PRODUCT = YES;
			};
			name = Release;
		};
		FA729431263D9D0400D7A338 /* Debug */ = {
			isa = XCBuildConfiguration;
			buildSettings = {
				ASSETCATALOG_COMPILER_APPICON_NAME = AppIcon;
				ASSETCATALOG_COMPILER_GLOBAL_ACCENT_COLOR_NAME = AccentColor;
				CODE_SIGN_STYLE = Automatic;
				DEVELOPMENT_TEAM = VN9XH7F2WV;
				INFOPLIST_FILE = loginUsingJsonValidation/Info.plist;
				IPHONEOS_DEPLOYMENT_TARGET = 13.0;
				LD_RUNPATH_SEARCH_PATHS = (
					"$(inherited)",
					"@executable_path/Frameworks",
				);
				PRODUCT_BUNDLE_IDENTIFIER = pk.org.nih.loginUsingJsonValidation;
				PRODUCT_NAME = "$(TARGET_NAME)";
				SWIFT_VERSION = 5.0;
				TARGETED_DEVICE_FAMILY = "1,2";
			};
			name = Debug;
		};
		FA729432263D9D0400D7A338 /* Release */ = {
			isa = XCBuildConfiguration;
			buildSettings = {
				ASSETCATALOG_COMPILER_APPICON_NAME = AppIcon;
				ASSETCATALOG_COMPILER_GLOBAL_ACCENT_COLOR_NAME = AccentColor;
				CODE_SIGN_STYLE = Automatic;
				DEVELOPMENT_TEAM = VN9XH7F2WV;
				INFOPLIST_FILE = loginUsingJsonValidation/Info.plist;
				IPHONEOS_DEPLOYMENT_TARGET = 13.0;
				LD_RUNPATH_SEARCH_PATHS = (
					"$(inherited)",
					"@executable_path/Frameworks",
				);
				PRODUCT_BUNDLE_IDENTIFIER = pk.org.nih.loginUsingJsonValidation;
				PRODUCT_NAME = "$(TARGET_NAME)";
				SWIFT_VERSION = 5.0;
				TARGETED_DEVICE_FAMILY = "1,2";
			};
			name = Release;
		};
/* End XCBuildConfiguration section */

/* Begin XCConfigurationList section */
		FA729417263D9D0300D7A338 /* Build configuration list for PBXProject "loginUsingJsonValidation" */ = {
			isa = XCConfigurationList;
			buildConfigurations = (
				FA72942E263D9D0400D7A338 /* Debug */,
				FA72942F263D9D0400D7A338 /* Release */,
			);
			defaultConfigurationIsVisible = 0;
			defaultConfigurationName = Release;
		};
		FA729430263D9D0400D7A338 /* Build configuration list for PBXNativeTarget "loginUsingJsonValidation" */ = {
			isa = XCConfigurationList;
			buildConfigurations = (
				FA729431263D9D0400D7A338 /* Debug */,
				FA729432263D9D0400D7A338 /* Release */,
			);
			defaultConfigurationIsVisible = 0;
			defaultConfigurationName = Release;
		};
/* End XCConfigurationList section */
	};
	rootObject = FA729414263D9D0300D7A338 /* Project object */;
}
